
Microsoft Visual Studio Solution File, Format Version 12.00
# Visual Studio 2012
Project("{FAE04EC0-301F-11D3-BF4B-00C04F79EFBC}") = "ProyectoX", "ProyectoX\ProyectoX.csproj", "{5E3A63E8-7970-4D71-B379-611CC849189F}"
EndProject
Project("{FAE04EC0-301F-11D3-BF4B-00C04F79EFBC}") = "ProyectoX.iOS", "iOS\ProyectoX.iOS.csproj", "{3FE64EC1-D822-455F-8D22-FB46AD887D62}"
EndProject
Project("{FAE04EC0-301F-11D3-BF4B-00C04F79EFBC}") = "ProyectoX.Droid", "Droid\ProyectoX.Droid.csproj", "{89548BFE-B4F2-4700-B950-7E1FDA43A117}"
EndProject
Global
	GlobalSection(SolutionConfigurationPlatforms) = preSolution
		Debug|Any CPU = Debug|Any CPU
		Release|Any CPU = Release|Any CPU
		Debug|iPhoneSimulator = Debug|iPhoneSimulator
		Release|iPhone = Release|iPhone
		Release|iPhoneSimulator = Release|iPhoneSimulator
		Debug|iPhone = Debug|iPhone
	EndGlobalSection
	GlobalSection(ProjectConfigurationPlatforms) = postSolution
		{3FE64EC1-D822-455F-8D22-FB46AD887D62}.Debug|Any CPU.ActiveCfg = Debug|iPhoneSimulator
		{3FE64EC1-D822-455F-8D22-FB46AD887D62}.Debug|Any CPU.Build.0 = Debug|iPhoneSimulator
		{3FE64EC1-D822-455F-8D22-FB46AD887D62}.Debug|iPhone.ActiveCfg = Debug|iPhone
		{3FE64EC1-D822-455F-8D22-FB46AD887D62}.Debug|iPhone.Build.0 = Debug|iPhone
		{3FE64EC1-D822-455F-8D22-FB46AD887D62}.Debug|iPhoneSimulator.ActiveCfg = Debug|iPhoneSimulator
		{3FE64EC1-D822-455F-8D22-FB46AD887D62}.Debug|iPhoneSimulator.Build.0 = Debug|iPhoneSimulator
		{3FE64EC1-D822-455F-8D22-FB46AD887D62}.Release|Any CPU.ActiveCfg = Release|iPhone
		{3FE64EC1-D822-455F-8D22-FB46AD887D62}.Release|Any CPU.Build.0 = Release|iPhone
		{3FE64EC1-D822-455F-8D22-FB46AD887D62}.Release|iPhone.ActiveCfg = Release|iPhone
		{3FE64EC1-D822-455F-8D22-FB46AD887D62}.Release|iPhone.Build.0 = Release|iPhone
		{3FE64EC1-D822-455F-8D22-FB46AD887D62}.Release|iPhoneSimulator.ActiveCfg = Release|iPhoneSimulator
		{3FE64EC1-D822-455F-8D22-FB46AD887D62}.Release|iPhoneSimulator.Build.0 = Release|iPhoneSimulator
		{5E3A63E8-7970-4D71-B379-611CC849189F}.Debug|Any CPU.ActiveCfg = Debug|Any CPU
		{5E3A63E8-7970-4D71-B379-611CC849189F}.Debug|Any CPU.Build.0 = Debug|Any CPU
		{5E3A63E8-7970-4D71-B379-611CC849189F}.Debug|iPhone.ActiveCfg = Debug|Any CPU
		{5E3A63E8-7970-4D71-B379-611CC849189F}.Debug|iPhone.Build.0 = Debug|Any CPU
		{5E3A63E8-7970-4D71-B379-611CC849189F}.Debug|iPhoneSimulator.ActiveCfg = Debug|Any CPU
		{5E3A63E8-7970-4D71-B379-611CC849189F}.Debug|iPhoneSimulator.Build.0 = Debug|Any CPU
		{5E3A63E8-7970-4D71-B379-611CC849189F}.Release|Any CPU.ActiveCfg = Release|Any CPU
		{5E3A63E8-7970-4D71-B379-611CC849189F}.Release|Any CPU.Build.0 = Release|Any CPU
		{5E3A63E8-7970-4D71-B379-611CC849189F}.Release|iPhone.ActiveCfg = Release|Any CPU
		{5E3A63E8-7970-4D71-B379-611CC849189F}.Release|iPhone.Build.0 = Release|Any CPU
		{5E3A63E8-7970-4D71-B379-611CC849189F}.Release|iPhoneSimulator.ActiveCfg = Release|Any CPU
		{5E3A63E8-7970-4D71-B379-611CC849189F}.Release|iPhoneSimulator.Build.0 = Release|Any CPU
		{89548BFE-B4F2-4700-B950-7E1FDA43A117}.Debug|Any CPU.ActiveCfg = Debug|Any CPU
		{89548BFE-B4F2-4700-B950-7E1FDA43A117}.Debug|Any CPU.Build.0 = Debug|Any CPU
		{89548BFE-B4F2-4700-B950-7E1FDA43A117}.Debug|iPhone.ActiveCfg = Debug|Any CPU
		{89548BFE-B4F2-4700-B950-7E1FDA43A117}.Debug|iPhone.Build.0 = Debug|Any CPU
		{89548BFE-B4F2-4700-B950-7E1FDA43A117}.Debug|iPhoneSimulator.ActiveCfg = Debug|Any CPU
		{89548BFE-B4F2-4700-B950-7E1FDA43A117}.Debug|iPhoneSimulator.Build.0 = Debug|Any CPU
		{89548BFE-B4F2-4700-B950-7E1FDA43A117}.Release|Any CPU.ActiveCfg = Release|Any CPU
		{89548BFE-B4F2-4700-B950-7E1FDA43A117}.Release|Any CPU.Build.0 = Release|Any CPU
		{89548BFE-B4F2-4700-B950-7E1FDA43A117}.Release|iPhone.ActiveCfg = Release|Any CPU
		{89548BFE-B4F2-4700-B950-7E1FDA43A117}.Release|iPhone.Build.0 = Release|Any CPU
		{89548BFE-B4F2-4700-B950-7E1FDA43A117}.Release|iPhoneSimulator.ActiveCfg = Release|Any CPU
		{89548BFE-B4F2-4700-B950-7E1FDA43A117}.Release|iPhoneSimulator.Build.0 = Release|Any CPU
	EndGlobalSection
EndGlobal
